// !$*UTF8*$!
{
	archiveVersion = 1;
	classes = {
	};
	objectVersion = 48;
	objects = {

/* Begin PBXBuildFile section */
		623BA4EA20DD2C890052613D /* LuaObjectCBridgeTest.mm in Sources */ = {isa = PBXBuildFile; fileRef = 623BA4E920DD2C890052613D /* LuaObjectCBridgeTest.mm */; };
		623BA4ED20DFBD5E0052613D /* GameObject.swift in Sources */ = {isa = PBXBuildFile; fileRef = 623BA4EC20DFBD5E0052613D /* GameObject.swift */; };
		623BA4EF20DFBE1A0052613D /* MovableObject.swift in Sources */ = {isa = PBXBuildFile; fileRef = 623BA4EE20DFBE1A0052613D /* MovableObject.swift */; };
		623BA4F120DFBE380052613D /* Monster.swift in Sources */ = {isa = PBXBuildFile; fileRef = 623BA4F020DFBE380052613D /* Monster.swift */; };
		623BA4F320DFBE420052613D /* Player.swift in Sources */ = {isa = PBXBuildFile; fileRef = 623BA4F220DFBE420052613D /* Player.swift */; };
		623BA4F520DFBE560052613D /* Goblin.swift in Sources */ = {isa = PBXBuildFile; fileRef = 623BA4F420DFBE560052613D /* Goblin.swift */; };
		623BA4F720DFBE630052613D /* Dragon.swift in Sources */ = {isa = PBXBuildFile; fileRef = 623BA4F620DFBE630052613D /* Dragon.swift */; };
		623BA4FF20DFBEC30052613D /* CollectableObject.swift in Sources */ = {isa = PBXBuildFile; fileRef = 623BA4FE20DFBEC30052613D /* CollectableObject.swift */; };
		623BA50420DFBF070052613D /* HealthPack.swift in Sources */ = {isa = PBXBuildFile; fileRef = 623BA50320DFBF070052613D /* HealthPack.swift */; };
		623BA50620DFBF1A0052613D /* Ammo.swift in Sources */ = {isa = PBXBuildFile; fileRef = 623BA50520DFBF1A0052613D /* Ammo.swift */; };
		623BA50820DFBF5B0052613D /* Component.swift in Sources */ = {isa = PBXBuildFile; fileRef = 623BA50720DFBF5B0052613D /* Component.swift */; };
		623BA50A20DFC0C50052613D /* GameViewController.swift in Sources */ = {isa = PBXBuildFile; fileRef = 623BA50920DFC0C50052613D /* GameViewController.swift */; };
		628A939720C3C3C60075381D /* CocosLua.cpp in Sources */ = {isa = PBXBuildFile; fileRef = 628A939620C3C3C60075381D /* CocosLua.cpp */; };
		628AB50220C414090075381D /* AppDelegate.cpp in Sources */ = {isa = PBXBuildFile; fileRef = 628AB50120C414090075381D /* AppDelegate.cpp */; };
		628AB52B20C42F4E0075381D /* libcocos2d iOS.a in Frameworks */ = {isa = PBXBuildFile; fileRef = 628AB51820C42DA60075381D /* libcocos2d iOS.a */; };
		628AB52C20C42F4E0075381D /* libluacocos2d iOS.a in Frameworks */ = {isa = PBXBuildFile; fileRef = 628AB50C20C42D3B0075381D /* libluacocos2d iOS.a */; };
		628AB52D20C42F4E0075381D /* libsimulator iOS.a in Frameworks */ = {isa = PBXBuildFile; fileRef = 628AB52320C42DD30075381D /* libsimulator iOS.a */; };
		628AB52F20C42F5D0075381D /* MediaPlayer.framework in Frameworks */ = {isa = PBXBuildFile; fileRef = 628AB52E20C42F5D0075381D /* MediaPlayer.framework */; };
		628AB53120C42F660075381D /* AudioToolbox.framework in Frameworks */ = {isa = PBXBuildFile; fileRef = 628AB53020C42F660075381D /* AudioToolbox.framework */; };
		628AB53320C42F6C0075381D /* AVFoundation.framework in Frameworks */ = {isa = PBXBuildFile; fileRef = 628AB53220C42F6C0075381D /* AVFoundation.framework */; };
		628AB53620C42F770075381D /* OpenAL.framework in Frameworks */ = {isa = PBXBuildFile; fileRef = 628AB53420C42F760075381D /* OpenAL.framework */; };
		628AB53720C42F770075381D /* OpenGLES.framework in Frameworks */ = {isa = PBXBuildFile; fileRef = 628AB53520C42F760075381D /* OpenGLES.framework */; };
		628AB53920C42F830075381D /* QuartzCore.framework in Frameworks */ = {isa = PBXBuildFile; fileRef = 628AB53820C42F830075381D /* QuartzCore.framework */; };
		628AB53D20C42FAE0075381D /* CoreGraphics.framework in Frameworks */ = {isa = PBXBuildFile; fileRef = 628AB53A20C42FAD0075381D /* CoreGraphics.framework */; };
		628AB53E20C42FAE0075381D /* CoreMotion.framework in Frameworks */ = {isa = PBXBuildFile; fileRef = 628AB53B20C42FAD0075381D /* CoreMotion.framework */; };
		628AB53F20C42FAE0075381D /* CoreText.framework in Frameworks */ = {isa = PBXBuildFile; fileRef = 628AB53C20C42FAE0075381D /* CoreText.framework */; };
		628AB54120C42FB60075381D /* Security.framework in Frameworks */ = {isa = PBXBuildFile; fileRef = 628AB54020C42FB60075381D /* Security.framework */; };
		628AB54320C42FBC0075381D /* CFNetwork.framework in Frameworks */ = {isa = PBXBuildFile; fileRef = 628AB54220C42FBC0075381D /* CFNetwork.framework */; };
		628AB54520C42FC40075381D /* Foundation.framework in Frameworks */ = {isa = PBXBuildFile; fileRef = 628AB54420C42FC40075381D /* Foundation.framework */; };
		628AB54720C42FC90075381D /* UIKit.framework in Frameworks */ = {isa = PBXBuildFile; fileRef = 628AB54620C42FC90075381D /* UIKit.framework */; };
		628AB54920C4305E0075381D /* libz.1.dylib in Frameworks */ = {isa = PBXBuildFile; fileRef = 628AB54820C4305E0075381D /* libz.1.dylib */; };
		628AB54B20C4307F0075381D /* libiconv.2.dylib in Frameworks */ = {isa = PBXBuildFile; fileRef = 628AB54A20C4307F0075381D /* libiconv.2.dylib */; };

		CE03E69920EB62A400973C76 /* Extension+Button.swift in Sources */ = {isa = PBXBuildFile; fileRef = CE03E69820EB62A400973C76 /* Extension+Button.swift */; };
		CE03E6A020EC706A00973C76 /* Pattern.swift in Sources */ = {isa = PBXBuildFile; fileRef = CE03E69F20EC706A00973C76 /* Pattern.swift */; };
		CE03E6A320ECA70D00973C76 /* DebugViewController.swift in Sources */ = {isa = PBXBuildFile; fileRef = CE03E6A220ECA70D00973C76 /* DebugViewController.swift */; };
		CE03E6A620ECABD000973C76 /* DebugView.swift in Sources */ = {isa = PBXBuildFile; fileRef = CE03E6A520ECABD000973C76 /* DebugView.swift */; };
		CE03E6A820ECE09100973C76 /* TestViewController.swift in Sources */ = {isa = PBXBuildFile; fileRef = CE03E6A720ECE09100973C76 /* TestViewController.swift */; };

		CE34DA8C20C4E9A40063B771 /* CocosViewController.swift in Sources */ = {isa = PBXBuildFile; fileRef = CE34DA8B20C4E9A40063B771 /* CocosViewController.swift */; };
		CE34DA9020C4EC400063B771 /* config.json in Resources */ = {isa = PBXBuildFile; fileRef = CE34DA8D20C4EC3F0063B771 /* config.json */; };
		CE34DA9120C4EC400063B771 /* src in Resources */ = {isa = PBXBuildFile; fileRef = CE34DA8E20C4EC3F0063B771 /* src */; };
		CE34DA9220C4EC400063B771 /* res in Resources */ = {isa = PBXBuildFile; fileRef = CE34DA8F20C4EC3F0063B771 /* res */; };
		CE3BCA6E20BF904600E6355B /* Transition.swift in Sources */ = {isa = PBXBuildFile; fileRef = CE3BCA6D20BF904600E6355B /* Transition.swift */; };
		CE3BCA7820C1326F00E6355B /* LuaBridge.mm in Sources */ = {isa = PBXBuildFile; fileRef = CE3BCA7720C1326F00E6355B /* LuaBridge.mm */; };
		CE554C382091AD4F00A3F7A1 /* AppDelegate.swift in Sources */ = {isa = PBXBuildFile; fileRef = CE554C372091AD4F00A3F7A1 /* AppDelegate.swift */; };
		CE554C3A2091AD4F00A3F7A1 /* GameScene.sks in Resources */ = {isa = PBXBuildFile; fileRef = CE554C392091AD4F00A3F7A1 /* GameScene.sks */; };
		CE554C3C2091AD4F00A3F7A1 /* Actions.sks in Resources */ = {isa = PBXBuildFile; fileRef = CE554C3B2091AD4F00A3F7A1 /* Actions.sks */; };
		CE554C3E2091AD4F00A3F7A1 /* GameScene.swift in Sources */ = {isa = PBXBuildFile; fileRef = CE554C3D2091AD4F00A3F7A1 /* GameScene.swift */; };
		CE554C402091AD4F00A3F7A1 /* ThereisaViewController.swift in Sources */ = {isa = PBXBuildFile; fileRef = CE554C3F2091AD4F00A3F7A1 /* ThereisaViewController.swift */; };
		CE554C432091AD4F00A3F7A1 /* Main.storyboard in Resources */ = {isa = PBXBuildFile; fileRef = CE554C412091AD4F00A3F7A1 /* Main.storyboard */; };
		CE554C452091AD5200A3F7A1 /* Assets.xcassets in Resources */ = {isa = PBXBuildFile; fileRef = CE554C442091AD5200A3F7A1 /* Assets.xcassets */; };
		CE554C482091AD5200A3F7A1 /* LaunchScreen.storyboard in Resources */ = {isa = PBXBuildFile; fileRef = CE554C462091AD5200A3F7A1 /* LaunchScreen.storyboard */; };
		CEB053D02091BB3900455739 /* NOView.swift in Sources */ = {isa = PBXBuildFile; fileRef = CEB053CF2091BB3900455739 /* NOView.swift */; };
		CEB053D52091DD0300455739 /* DateConst.swift in Sources */ = {isa = PBXBuildFile; fileRef = CEB053D42091DD0300455739 /* DateConst.swift */; };
		CEB053D82091DF2400455739 /* Extension.swift in Sources */ = {isa = PBXBuildFile; fileRef = CEB053D72091DF2400455739 /* Extension.swift */; };
		CEB053DA2092F6FF00455739 /* ThereIs.swift in Sources */ = {isa = PBXBuildFile; fileRef = CEB053D92092F6FF00455739 /* ThereIs.swift */; };
		CEFBE67420AC239700C19832 /* Functional.swift in Sources */ = {isa = PBXBuildFile; fileRef = CEFBE67320AC239700C19832 /* Functional.swift */; };
		CEFBE67720AC2B4400C19832 /* CircleView.swift in Sources */ = {isa = PBXBuildFile; fileRef = CEFBE67620AC2B4400C19832 /* CircleView.swift */; };
		CEFBE67920B2D49100C19832 /* ProblemView.swift in Sources */ = {isa = PBXBuildFile; fileRef = CEFBE67820B2D49100C19832 /* ProblemView.swift */; };
		CEFBE67D20B6E74A00C19832 /* Closure.swift in Sources */ = {isa = PBXBuildFile; fileRef = CEFBE67C20B6E74A00C19832 /* Closure.swift */; };
/* End PBXBuildFile section */

/* Begin PBXContainerItemProxy section */
		628AB50B20C42D3B0075381D /* PBXContainerItemProxy */ = {
			isa = PBXContainerItemProxy;
			containerPortal = 628AB50320C42D3B0075381D /* cocos2d_lua_bindings.xcodeproj */;
			proxyType = 2;
			remoteGlobalIDString = 15EFA616198B2DAA000C57D3;
			remoteInfo = "libluacocos2d iOS";
		};
		628AB51720C42DA60075381D /* PBXContainerItemProxy */ = {
			isa = PBXContainerItemProxy;
			containerPortal = 628AB50F20C42DA60075381D /* cocos2d_libs.xcodeproj */;
			proxyType = 2;
			remoteGlobalIDString = A07A4D641783777C0073F6A7;
			remoteInfo = "libcocos2d iOS";
		};
		628AB52220C42DD30075381D /* PBXContainerItemProxy */ = {
			isa = PBXContainerItemProxy;
			containerPortal = 628AB51B20C42DD20075381D /* libsimulator.xcodeproj */;
			proxyType = 2;
			remoteGlobalIDString = 9F7214851A5C28BA00DAED06;
			remoteInfo = "libsimulator iOS";
		};
		628AB52420C42EB70075381D /* PBXContainerItemProxy */ = {
			isa = PBXContainerItemProxy;
			containerPortal = 628AB51B20C42DD20075381D /* libsimulator.xcodeproj */;
			proxyType = 1;
			remoteGlobalIDString = 9F7214841A5C28BA00DAED06;
			remoteInfo = "libsimulator iOS";
		};
		628AB52620C42EB70075381D /* PBXContainerItemProxy */ = {
			isa = PBXContainerItemProxy;
			containerPortal = 628AB50F20C42DA60075381D /* cocos2d_libs.xcodeproj */;
			proxyType = 1;
			remoteGlobalIDString = A07A4C241783777C0073F6A7;
			remoteInfo = "libcocos2d iOS";
		};
		628AB52820C42EB70075381D /* PBXContainerItemProxy */ = {
			isa = PBXContainerItemProxy;
			containerPortal = 628AB50320C42D3B0075381D /* cocos2d_lua_bindings.xcodeproj */;
			proxyType = 1;
			remoteGlobalIDString = 15EFA59E198B2DAA000C57D3;
			remoteInfo = "libluacocos2d iOS";
		};
/* End PBXContainerItemProxy section */

/* Begin PBXFileReference section */
		623BA4E820DD2C890052613D /* LuaObjectCBridgeTest.h */ = {isa = PBXFileReference; fileEncoding = 4; lastKnownFileType = sourcecode.c.h; path = LuaObjectCBridgeTest.h; sourceTree = "<group>"; };
		623BA4E920DD2C890052613D /* LuaObjectCBridgeTest.mm */ = {isa = PBXFileReference; fileEncoding = 4; lastKnownFileType = sourcecode.cpp.objcpp; path = LuaObjectCBridgeTest.mm; sourceTree = "<group>"; };
		623BA4EC20DFBD5E0052613D /* GameObject.swift */ = {isa = PBXFileReference; lastKnownFileType = sourcecode.swift; path = GameObject.swift; sourceTree = "<group>"; };
		623BA4EE20DFBE1A0052613D /* MovableObject.swift */ = {isa = PBXFileReference; lastKnownFileType = sourcecode.swift; path = MovableObject.swift; sourceTree = "<group>"; };
		623BA4F020DFBE380052613D /* Monster.swift */ = {isa = PBXFileReference; lastKnownFileType = sourcecode.swift; path = Monster.swift; sourceTree = "<group>"; };
		623BA4F220DFBE420052613D /* Player.swift */ = {isa = PBXFileReference; lastKnownFileType = sourcecode.swift; path = Player.swift; sourceTree = "<group>"; };
		623BA4F420DFBE560052613D /* Goblin.swift */ = {isa = PBXFileReference; lastKnownFileType = sourcecode.swift; path = Goblin.swift; sourceTree = "<group>"; };
		623BA4F620DFBE630052613D /* Dragon.swift */ = {isa = PBXFileReference; lastKnownFileType = sourcecode.swift; path = Dragon.swift; sourceTree = "<group>"; };
		623BA4FE20DFBEC30052613D /* CollectableObject.swift */ = {isa = PBXFileReference; lastKnownFileType = sourcecode.swift; path = CollectableObject.swift; sourceTree = "<group>"; };
		623BA50320DFBF070052613D /* HealthPack.swift */ = {isa = PBXFileReference; lastKnownFileType = sourcecode.swift; path = HealthPack.swift; sourceTree = "<group>"; };
		623BA50520DFBF1A0052613D /* Ammo.swift */ = {isa = PBXFileReference; lastKnownFileType = sourcecode.swift; path = Ammo.swift; sourceTree = "<group>"; };
		623BA50720DFBF5B0052613D /* Component.swift */ = {isa = PBXFileReference; lastKnownFileType = sourcecode.swift; path = Component.swift; sourceTree = "<group>"; };
		623BA50920DFC0C50052613D /* GameViewController.swift */ = {isa = PBXFileReference; lastKnownFileType = sourcecode.swift; path = GameViewController.swift; sourceTree = "<group>"; };
		628A939520C3C3C60075381D /* CocosLua.hpp */ = {isa = PBXFileReference; fileEncoding = 4; lastKnownFileType = sourcecode.cpp.h; path = CocosLua.hpp; sourceTree = "<group>"; };
		628A939620C3C3C60075381D /* CocosLua.cpp */ = {isa = PBXFileReference; fileEncoding = 4; lastKnownFileType = sourcecode.cpp.cpp; path = CocosLua.cpp; sourceTree = "<group>"; };
		628AB4FF20C414090075381D /* AppDelegate.h */ = {isa = PBXFileReference; fileEncoding = 4; lastKnownFileType = sourcecode.c.h; path = AppDelegate.h; sourceTree = "<group>"; };
		628AB50020C414090075381D /* lua_module_register.h */ = {isa = PBXFileReference; fileEncoding = 4; lastKnownFileType = sourcecode.c.h; path = lua_module_register.h; sourceTree = "<group>"; };
		628AB50120C414090075381D /* AppDelegate.cpp */ = {isa = PBXFileReference; fileEncoding = 4; lastKnownFileType = sourcecode.cpp.cpp; path = AppDelegate.cpp; sourceTree = "<group>"; };
		628AB50320C42D3B0075381D /* cocos2d_lua_bindings.xcodeproj */ = {isa = PBXFileReference; lastKnownFileType = "wrapper.pb-project"; name = cocos2d_lua_bindings.xcodeproj; path = "cocos2d-x/cocos/scripting/lua-bindings/proj.ios_mac/cocos2d_lua_bindings.xcodeproj"; sourceTree = "<group>"; };
		628AB50F20C42DA60075381D /* cocos2d_libs.xcodeproj */ = {isa = PBXFileReference; lastKnownFileType = "wrapper.pb-project"; name = cocos2d_libs.xcodeproj; path = "cocos2d-x/build/cocos2d_libs.xcodeproj"; sourceTree = "<group>"; };
		628AB51B20C42DD20075381D /* libsimulator.xcodeproj */ = {isa = PBXFileReference; lastKnownFileType = "wrapper.pb-project"; name = libsimulator.xcodeproj; path = "cocos2d-x/tools/simulator/libsimulator/proj.ios_mac/libsimulator.xcodeproj"; sourceTree = "<group>"; };
		628AB52E20C42F5D0075381D /* MediaPlayer.framework */ = {isa = PBXFileReference; lastKnownFileType = wrapper.framework; name = MediaPlayer.framework; path = System/Library/Frameworks/MediaPlayer.framework; sourceTree = SDKROOT; };
		628AB53020C42F660075381D /* AudioToolbox.framework */ = {isa = PBXFileReference; lastKnownFileType = wrapper.framework; name = AudioToolbox.framework; path = System/Library/Frameworks/AudioToolbox.framework; sourceTree = SDKROOT; };
		628AB53220C42F6C0075381D /* AVFoundation.framework */ = {isa = PBXFileReference; lastKnownFileType = wrapper.framework; name = AVFoundation.framework; path = System/Library/Frameworks/AVFoundation.framework; sourceTree = SDKROOT; };
		628AB53420C42F760075381D /* OpenAL.framework */ = {isa = PBXFileReference; lastKnownFileType = wrapper.framework; name = OpenAL.framework; path = System/Library/Frameworks/OpenAL.framework; sourceTree = SDKROOT; };
		628AB53520C42F760075381D /* OpenGLES.framework */ = {isa = PBXFileReference; lastKnownFileType = wrapper.framework; name = OpenGLES.framework; path = System/Library/Frameworks/OpenGLES.framework; sourceTree = SDKROOT; };
		628AB53820C42F830075381D /* QuartzCore.framework */ = {isa = PBXFileReference; lastKnownFileType = wrapper.framework; name = QuartzCore.framework; path = System/Library/Frameworks/QuartzCore.framework; sourceTree = SDKROOT; };
		628AB53A20C42FAD0075381D /* CoreGraphics.framework */ = {isa = PBXFileReference; lastKnownFileType = wrapper.framework; name = CoreGraphics.framework; path = System/Library/Frameworks/CoreGraphics.framework; sourceTree = SDKROOT; };
		628AB53B20C42FAD0075381D /* CoreMotion.framework */ = {isa = PBXFileReference; lastKnownFileType = wrapper.framework; name = CoreMotion.framework; path = System/Library/Frameworks/CoreMotion.framework; sourceTree = SDKROOT; };
		628AB53C20C42FAE0075381D /* CoreText.framework */ = {isa = PBXFileReference; lastKnownFileType = wrapper.framework; name = CoreText.framework; path = System/Library/Frameworks/CoreText.framework; sourceTree = SDKROOT; };
		628AB54020C42FB60075381D /* Security.framework */ = {isa = PBXFileReference; lastKnownFileType = wrapper.framework; name = Security.framework; path = System/Library/Frameworks/Security.framework; sourceTree = SDKROOT; };
		628AB54220C42FBC0075381D /* CFNetwork.framework */ = {isa = PBXFileReference; lastKnownFileType = wrapper.framework; name = CFNetwork.framework; path = System/Library/Frameworks/CFNetwork.framework; sourceTree = SDKROOT; };
		628AB54420C42FC40075381D /* Foundation.framework */ = {isa = PBXFileReference; lastKnownFileType = wrapper.framework; name = Foundation.framework; path = System/Library/Frameworks/Foundation.framework; sourceTree = SDKROOT; };
		628AB54620C42FC90075381D /* UIKit.framework */ = {isa = PBXFileReference; lastKnownFileType = wrapper.framework; name = UIKit.framework; path = System/Library/Frameworks/UIKit.framework; sourceTree = SDKROOT; };
		628AB54820C4305E0075381D /* libz.1.dylib */ = {isa = PBXFileReference; lastKnownFileType = "compiled.mach-o.dylib"; name = libz.1.dylib; path = ../../../../../usr/lib/libz.1.dylib; sourceTree = "<group>"; };
		628AB54A20C4307F0075381D /* libiconv.2.dylib */ = {isa = PBXFileReference; lastKnownFileType = "compiled.mach-o.dylib"; name = libiconv.2.dylib; path = ../../../../../usr/lib/libiconv.2.dylib; sourceTree = "<group>"; };

		CE03E69820EB62A400973C76 /* Extension+Button.swift */ = {isa = PBXFileReference; lastKnownFileType = sourcecode.swift; path = "Extension+Button.swift"; sourceTree = "<group>"; };
		CE03E69F20EC706A00973C76 /* Pattern.swift */ = {isa = PBXFileReference; lastKnownFileType = sourcecode.swift; path = Pattern.swift; sourceTree = "<group>"; };
		CE03E6A220ECA70D00973C76 /* DebugViewController.swift */ = {isa = PBXFileReference; lastKnownFileType = sourcecode.swift; path = DebugViewController.swift; sourceTree = "<group>"; };
		CE03E6A520ECABD000973C76 /* DebugView.swift */ = {isa = PBXFileReference; lastKnownFileType = sourcecode.swift; path = DebugView.swift; sourceTree = "<group>"; };
		CE03E6A720ECE09100973C76 /* TestViewController.swift */ = {isa = PBXFileReference; lastKnownFileType = sourcecode.swift; path = TestViewController.swift; sourceTree = "<group>"; };

		CE34DA8B20C4E9A40063B771 /* CocosViewController.swift */ = {isa = PBXFileReference; lastKnownFileType = sourcecode.swift; path = CocosViewController.swift; sourceTree = "<group>"; };
		CE34DA8D20C4EC3F0063B771 /* config.json */ = {isa = PBXFileReference; fileEncoding = 4; lastKnownFileType = text.json; path = config.json; sourceTree = "<group>"; };
		CE34DA8E20C4EC3F0063B771 /* src */ = {isa = PBXFileReference; lastKnownFileType = folder; path = src; sourceTree = "<group>"; };
		CE34DA8F20C4EC3F0063B771 /* res */ = {isa = PBXFileReference; lastKnownFileType = folder; path = res; sourceTree = "<group>"; };
		CE3BCA6D20BF904600E6355B /* Transition.swift */ = {isa = PBXFileReference; lastKnownFileType = sourcecode.swift; path = Transition.swift; sourceTree = "<group>"; };
		CE3BCA7520C1326F00E6355B /* Nothing-Bridging-Header.h */ = {isa = PBXFileReference; lastKnownFileType = sourcecode.c.h; path = "Nothing-Bridging-Header.h"; sourceTree = "<group>"; };
		CE3BCA7620C1326F00E6355B /* LuaBridge.h */ = {isa = PBXFileReference; lastKnownFileType = sourcecode.c.h; path = LuaBridge.h; sourceTree = "<group>"; };
		CE3BCA7720C1326F00E6355B /* LuaBridge.mm */ = {isa = PBXFileReference; lastKnownFileType = sourcecode.cpp.objcpp; path = LuaBridge.mm; sourceTree = "<group>"; };
		CE554C342091AD4F00A3F7A1 /* Nothing.app */ = {isa = PBXFileReference; explicitFileType = wrapper.application; includeInIndex = 0; path = Nothing.app; sourceTree = BUILT_PRODUCTS_DIR; };
		CE554C372091AD4F00A3F7A1 /* AppDelegate.swift */ = {isa = PBXFileReference; lastKnownFileType = sourcecode.swift; path = AppDelegate.swift; sourceTree = "<group>"; };
		CE554C392091AD4F00A3F7A1 /* GameScene.sks */ = {isa = PBXFileReference; lastKnownFileType = file.sks; path = GameScene.sks; sourceTree = "<group>"; };
		CE554C3B2091AD4F00A3F7A1 /* Actions.sks */ = {isa = PBXFileReference; lastKnownFileType = file.sks; path = Actions.sks; sourceTree = "<group>"; };
		CE554C3D2091AD4F00A3F7A1 /* GameScene.swift */ = {isa = PBXFileReference; lastKnownFileType = sourcecode.swift; path = GameScene.swift; sourceTree = "<group>"; };
		CE554C3F2091AD4F00A3F7A1 /* ThereisaViewController.swift */ = {isa = PBXFileReference; lastKnownFileType = sourcecode.swift; path = ThereisaViewController.swift; sourceTree = "<group>"; };
		CE554C422091AD4F00A3F7A1 /* Base */ = {isa = PBXFileReference; lastKnownFileType = file.storyboard; name = Base; path = Base.lproj/Main.storyboard; sourceTree = "<group>"; };
		CE554C442091AD5200A3F7A1 /* Assets.xcassets */ = {isa = PBXFileReference; lastKnownFileType = folder.assetcatalog; path = Assets.xcassets; sourceTree = "<group>"; };
		CE554C472091AD5200A3F7A1 /* Base */ = {isa = PBXFileReference; lastKnownFileType = file.storyboard; name = Base; path = Base.lproj/LaunchScreen.storyboard; sourceTree = "<group>"; };
		CE554C492091AD5200A3F7A1 /* Info.plist */ = {isa = PBXFileReference; lastKnownFileType = text.plist.xml; path = Info.plist; sourceTree = "<group>"; };
		CEB053CF2091BB3900455739 /* NOView.swift */ = {isa = PBXFileReference; lastKnownFileType = sourcecode.swift; path = NOView.swift; sourceTree = "<group>"; };
		CEB053D42091DD0300455739 /* DateConst.swift */ = {isa = PBXFileReference; lastKnownFileType = sourcecode.swift; path = DateConst.swift; sourceTree = "<group>"; };
		CEB053D72091DF2400455739 /* Extension.swift */ = {isa = PBXFileReference; lastKnownFileType = sourcecode.swift; path = Extension.swift; sourceTree = "<group>"; };
		CEB053D92092F6FF00455739 /* ThereIs.swift */ = {isa = PBXFileReference; lastKnownFileType = sourcecode.swift; path = ThereIs.swift; sourceTree = "<group>"; };
		CEFBE67320AC239700C19832 /* Functional.swift */ = {isa = PBXFileReference; lastKnownFileType = sourcecode.swift; path = Functional.swift; sourceTree = "<group>"; };
		CEFBE67620AC2B4400C19832 /* CircleView.swift */ = {isa = PBXFileReference; lastKnownFileType = sourcecode.swift; path = CircleView.swift; sourceTree = "<group>"; };
		CEFBE67820B2D49100C19832 /* ProblemView.swift */ = {isa = PBXFileReference; lastKnownFileType = sourcecode.swift; path = ProblemView.swift; sourceTree = "<group>"; };
		CEFBE67C20B6E74A00C19832 /* Closure.swift */ = {isa = PBXFileReference; lastKnownFileType = sourcecode.swift; path = Closure.swift; sourceTree = "<group>"; };
/* End PBXFileReference section */

/* Begin PBXFrameworksBuildPhase section */
		CE554C312091AD4F00A3F7A1 /* Frameworks */ = {
			isa = PBXFrameworksBuildPhase;
			buildActionMask = 2147483647;
			files = (
				628AB54B20C4307F0075381D /* libiconv.2.dylib in Frameworks */,
				628AB54920C4305E0075381D /* libz.1.dylib in Frameworks */,
				628AB54720C42FC90075381D /* UIKit.framework in Frameworks */,
				628AB54520C42FC40075381D /* Foundation.framework in Frameworks */,
				628AB54320C42FBC0075381D /* CFNetwork.framework in Frameworks */,
				628AB54120C42FB60075381D /* Security.framework in Frameworks */,
				628AB53D20C42FAE0075381D /* CoreGraphics.framework in Frameworks */,
				628AB53E20C42FAE0075381D /* CoreMotion.framework in Frameworks */,
				628AB53F20C42FAE0075381D /* CoreText.framework in Frameworks */,
				628AB53920C42F830075381D /* QuartzCore.framework in Frameworks */,
				628AB53620C42F770075381D /* OpenAL.framework in Frameworks */,
				628AB53720C42F770075381D /* OpenGLES.framework in Frameworks */,
				628AB53320C42F6C0075381D /* AVFoundation.framework in Frameworks */,
				628AB53120C42F660075381D /* AudioToolbox.framework in Frameworks */,
				628AB52F20C42F5D0075381D /* MediaPlayer.framework in Frameworks */,
				628AB52B20C42F4E0075381D /* libcocos2d iOS.a in Frameworks */,
				628AB52C20C42F4E0075381D /* libluacocos2d iOS.a in Frameworks */,
				628AB52D20C42F4E0075381D /* libsimulator iOS.a in Frameworks */,
			);
			runOnlyForDeploymentPostprocessing = 0;
		};
/* End PBXFrameworksBuildPhase section */

/* Begin PBXGroup section */
		623BA4EB20DFBD310052613D /* Game */ = {
			isa = PBXGroup;
			children = (
				623BA4EC20DFBD5E0052613D /* GameObject.swift */,
				623BA50720DFBF5B0052613D /* Component.swift */,
				623BA50220DFBEE00052613D /* Collect */,
				623BA4F820DFBE690052613D /* Movable */,
			);
			path = Game;
			sourceTree = "<group>";
		};
		623BA4F820DFBE690052613D /* Movable */ = {
			isa = PBXGroup;
			children = (
				623BA4EE20DFBE1A0052613D /* MovableObject.swift */,
				623BA4F020DFBE380052613D /* Monster.swift */,
				623BA4F420DFBE560052613D /* Goblin.swift */,
				623BA4F620DFBE630052613D /* Dragon.swift */,
				623BA4F220DFBE420052613D /* Player.swift */,
			);
			name = Movable;
			sourceTree = "<group>";
		};
		623BA50220DFBEE00052613D /* Collect */ = {
			isa = PBXGroup;
			children = (
				623BA4FE20DFBEC30052613D /* CollectableObject.swift */,
				623BA50320DFBF070052613D /* HealthPack.swift */,
				623BA50520DFBF1A0052613D /* Ammo.swift */,
			);
			name = Collect;
			sourceTree = "<group>";
		};
		628AB45E20C412430075381D /* Resources */ = {
			isa = PBXGroup;
			children = (
				CE34DA8D20C4EC3F0063B771 /* config.json */,
				CE34DA8F20C4EC3F0063B771 /* res */,
				CE34DA8E20C4EC3F0063B771 /* src */,
			);
			path = Resources;
			sourceTree = "<group>";
		};
		628AB4FE20C414090075381D /* Classes */ = {
			isa = PBXGroup;
			children = (
				628AB4FF20C414090075381D /* AppDelegate.h */,
				628AB50020C414090075381D /* lua_module_register.h */,
				628AB50120C414090075381D /* AppDelegate.cpp */,
			);
			path = Classes;
			sourceTree = "<group>";
		};
		628AB50420C42D3B0075381D /* Products */ = {
			isa = PBXGroup;
			children = (
				628AB50C20C42D3B0075381D /* libluacocos2d iOS.a */,
			);
			name = Products;
			sourceTree = "<group>";
		};
		628AB51020C42DA60075381D /* Products */ = {
			isa = PBXGroup;
			children = (
				628AB51820C42DA60075381D /* libcocos2d iOS.a */,
			);
			name = Products;
			sourceTree = "<group>";
		};
		628AB51C20C42DD20075381D /* Products */ = {
			isa = PBXGroup;
			children = (
				628AB52320C42DD30075381D /* libsimulator iOS.a */,
			);
			name = Products;
			sourceTree = "<group>";
		};
		628AB52A20C42F4E0075381D /* Frameworks */ = {
			isa = PBXGroup;
			children = (
				628AB54A20C4307F0075381D /* libiconv.2.dylib */,
				628AB54820C4305E0075381D /* libz.1.dylib */,
				628AB54620C42FC90075381D /* UIKit.framework */,
				628AB54420C42FC40075381D /* Foundation.framework */,
				628AB54220C42FBC0075381D /* CFNetwork.framework */,
				628AB54020C42FB60075381D /* Security.framework */,
				628AB53A20C42FAD0075381D /* CoreGraphics.framework */,
				628AB53B20C42FAD0075381D /* CoreMotion.framework */,
				628AB53C20C42FAE0075381D /* CoreText.framework */,
				628AB53820C42F830075381D /* QuartzCore.framework */,
				628AB53420C42F760075381D /* OpenAL.framework */,
				628AB53520C42F760075381D /* OpenGLES.framework */,
				628AB53220C42F6C0075381D /* AVFoundation.framework */,
				628AB53020C42F660075381D /* AudioToolbox.framework */,
				628AB52E20C42F5D0075381D /* MediaPlayer.framework */,
			);
			name = Frameworks;
			sourceTree = "<group>";
		};
		CE3BCA6F20BFA68D00E6355B /* profession */ = {
			isa = PBXGroup;
			children = (
				CEB053D92092F6FF00455739 /* ThereIs.swift */,
			);
			path = profession;
			sourceTree = "<group>";
		};
		CE3BCA7020BFA6C200E6355B /* display */ = {
			isa = PBXGroup;
			children = (
				CE3BCA7320BFA6EA00E6355B /* scene */,
				CE3BCA7220BFA6E200E6355B /* view */,
			);
			path = display;
			sourceTree = "<group>";
		};
		CE3BCA7220BFA6E200E6355B /* view */ = {
			isa = PBXGroup;
			children = (
				CEB053CF2091BB3900455739 /* NOView.swift */,
				CEFBE67620AC2B4400C19832 /* CircleView.swift */,
				CEFBE67820B2D49100C19832 /* ProblemView.swift */,
				CE03E6A520ECABD000973C76 /* DebugView.swift */,
			);
			name = view;
			sourceTree = "<group>";
		};
		CE3BCA7320BFA6EA00E6355B /* scene */ = {
			isa = PBXGroup;
			children = (
				CE554C392091AD4F00A3F7A1 /* GameScene.sks */,
				CE554C3B2091AD4F00A3F7A1 /* Actions.sks */,
				CE554C3D2091AD4F00A3F7A1 /* GameScene.swift */,
			);
			name = scene;
			sourceTree = "<group>";
		};
		CE3BCA7420C1325000E6355B /* bridge */ = {
			isa = PBXGroup;
			children = (
				CE3BCA7520C1326F00E6355B /* Nothing-Bridging-Header.h */,
				623BA4E820DD2C890052613D /* LuaObjectCBridgeTest.h */,
				623BA4E920DD2C890052613D /* LuaObjectCBridgeTest.mm */,
				CE3BCA7620C1326F00E6355B /* LuaBridge.h */,
				CE3BCA7720C1326F00E6355B /* LuaBridge.mm */,
				628A939620C3C3C60075381D /* CocosLua.cpp */,
				628A939520C3C3C60075381D /* CocosLua.hpp */,
			);
			path = bridge;
			sourceTree = "<group>";
		};
		CE554C2B2091AD4F00A3F7A1 = {
			isa = PBXGroup;
			children = (
				628ABB5E20C989E40075381D /* cocos2d-x */,
				628AB51B20C42DD20075381D /* libsimulator.xcodeproj */,
				628AB50F20C42DA60075381D /* cocos2d_libs.xcodeproj */,
				628AB50320C42D3B0075381D /* cocos2d_lua_bindings.xcodeproj */,
				628AB4FE20C414090075381D /* Classes */,
				CE554C362091AD4F00A3F7A1 /* Nothing */,
				628AB45E20C412430075381D /* Resources */,
				CE554C352091AD4F00A3F7A1 /* Products */,
				628AB52A20C42F4E0075381D /* Frameworks */,
			);
			sourceTree = "<group>";
		};
		CE554C352091AD4F00A3F7A1 /* Products */ = {
			isa = PBXGroup;
			children = (
				CE554C342091AD4F00A3F7A1 /* Nothing.app */,
			);
			name = Products;
			sourceTree = "<group>";
		};
		CE554C362091AD4F00A3F7A1 /* Nothing */ = {
			isa = PBXGroup;
			children = (
				CE554C372091AD4F00A3F7A1 /* AppDelegate.swift */,
				CE554C3F2091AD4F00A3F7A1 /* ThereisaViewController.swift */,
				623BA50920DFC0C50052613D /* GameViewController.swift */,
				CE34DA8B20C4E9A40063B771 /* CocosViewController.swift */,

				CE03E6A220ECA70D00973C76 /* DebugViewController.swift */,
				CE03E6A720ECE09100973C76 /* TestViewController.swift */,
				CE3BCA6F20BFA68D00E6355B /* profession */,

				623BA4EB20DFBD310052613D /* Game */,

				CE3BCA7420C1325000E6355B /* bridge */,
				CE3BCA7020BFA6C200E6355B /* display */,
				CEFBE67520AC23D500C19832 /* compontent */,
				CEB053D32091DCDF00455739 /* Const */,
				CEB053D62091DF1900455739 /* Lib */,
				CE554C442091AD5200A3F7A1 /* Assets.xcassets */,
				CE554C462091AD5200A3F7A1 /* LaunchScreen.storyboard */,
				CE554C412091AD4F00A3F7A1 /* Main.storyboard */,
				CE554C492091AD5200A3F7A1 /* Info.plist */,
			);
			path = Nothing;
			sourceTree = "<group>";
		};
		CEB053D32091DCDF00455739 /* Const */ = {
			isa = PBXGroup;
			children = (
				CEB053D42091DD0300455739 /* DateConst.swift */,
			);
			path = Const;
			sourceTree = "<group>";
		};
		CEB053D62091DF1900455739 /* Lib */ = {
			isa = PBXGroup;
			children = (
				CEB053D72091DF2400455739 /* Extension.swift */,
				CE03E69820EB62A400973C76 /* Extension+Button.swift */,
			);
			path = Lib;
			sourceTree = "<group>";
		};
		CEFBE67520AC23D500C19832 /* compontent */ = {
			isa = PBXGroup;
			children = (
				CEFBE67C20B6E74A00C19832 /* Closure.swift */,
				CEFBE67320AC239700C19832 /* Functional.swift */,
				CE3BCA6D20BF904600E6355B /* Transition.swift */,
				CE03E69F20EC706A00973C76 /* Pattern.swift */,
			);
			path = compontent;
			sourceTree = "<group>";
		};
/* End PBXGroup section */

/* Begin PBXNativeTarget section */
		CE554C332091AD4F00A3F7A1 /* Nothing */ = {
			isa = PBXNativeTarget;
			buildConfigurationList = CE554C4C2091AD5200A3F7A1 /* Build configuration list for PBXNativeTarget "Nothing" */;
			buildPhases = (
				CE554C302091AD4F00A3F7A1 /* Sources */,
				CE554C312091AD4F00A3F7A1 /* Frameworks */,
				CE554C322091AD4F00A3F7A1 /* Resources */,
			);
			buildRules = (
			);
			dependencies = (
				628AB52520C42EB70075381D /* PBXTargetDependency */,
				628AB52720C42EB70075381D /* PBXTargetDependency */,
				628AB52920C42EB70075381D /* PBXTargetDependency */,
			);
			name = Nothing;
			productName = Nothing;
			productReference = CE554C342091AD4F00A3F7A1 /* Nothing.app */;
			productType = "com.apple.product-type.application";
		};
/* End PBXNativeTarget section */

/* Begin PBXProject section */
		CE554C2C2091AD4F00A3F7A1 /* Project object */ = {
			isa = PBXProject;
			attributes = {
				LastSwiftUpdateCheck = 0930;
				LastUpgradeCheck = 0930;
				ORGANIZATIONNAME = user;
				TargetAttributes = {
					CE554C332091AD4F00A3F7A1 = {
						CreatedOnToolsVersion = 9.3;
						LastSwiftMigration = 0930;
						ProvisioningStyle = Automatic;
					};
				};
			};
			buildConfigurationList = CE554C2F2091AD4F00A3F7A1 /* Build configuration list for PBXProject "Nothing" */;
			compatibilityVersion = "Xcode 8.0";
			developmentRegion = en;
			hasScannedForEncodings = 0;
			knownRegions = (
				en,
				Base,
				"zh-Hans",
			);
			mainGroup = CE554C2B2091AD4F00A3F7A1;
			productRefGroup = CE554C352091AD4F00A3F7A1 /* Products */;
			projectDirPath = "";
			projectReferences = (
				{
					ProductGroup = 628AB51020C42DA60075381D /* Products */;
					ProjectRef = 628AB50F20C42DA60075381D /* cocos2d_libs.xcodeproj */;
				},
				{
					ProductGroup = 628AB50420C42D3B0075381D /* Products */;
					ProjectRef = 628AB50320C42D3B0075381D /* cocos2d_lua_bindings.xcodeproj */;
				},
				{
					ProductGroup = 628AB51C20C42DD20075381D /* Products */;
					ProjectRef = 628AB51B20C42DD20075381D /* libsimulator.xcodeproj */;
				},
			);
			projectRoot = "";
			targets = (
				CE554C332091AD4F00A3F7A1 /* Nothing */,
			);
		};
/* End PBXProject section */

/* Begin PBXReferenceProxy section */
		628AB50C20C42D3B0075381D /* libluacocos2d iOS.a */ = {
			isa = PBXReferenceProxy;
			fileType = archive.ar;
			path = "libluacocos2d iOS.a";
			remoteRef = 628AB50B20C42D3B0075381D /* PBXContainerItemProxy */;
			sourceTree = BUILT_PRODUCTS_DIR;
		};
		628AB51820C42DA60075381D /* libcocos2d iOS.a */ = {
			isa = PBXReferenceProxy;
			fileType = archive.ar;
			path = "libcocos2d iOS.a";
			remoteRef = 628AB51720C42DA60075381D /* PBXContainerItemProxy */;
			sourceTree = BUILT_PRODUCTS_DIR;
		};
		628AB52320C42DD30075381D /* libsimulator iOS.a */ = {
			isa = PBXReferenceProxy;
			fileType = archive.ar;
			path = "libsimulator iOS.a";
			remoteRef = 628AB52220C42DD30075381D /* PBXContainerItemProxy */;
			sourceTree = BUILT_PRODUCTS_DIR;
		};
/* End PBXReferenceProxy section */

/* Begin PBXResourcesBuildPhase section */
		CE554C322091AD4F00A3F7A1 /* Resources */ = {
			isa = PBXResourcesBuildPhase;
			buildActionMask = 2147483647;
			files = (
				628ABB5F20C989E40075381D /* cocos2d-x in Resources */,
				CE554C432091AD4F00A3F7A1 /* Main.storyboard in Resources */,
				CE554C3A2091AD4F00A3F7A1 /* GameScene.sks in Resources */,
				CE554C452091AD5200A3F7A1 /* Assets.xcassets in Resources */,
				CE554C482091AD5200A3F7A1 /* LaunchScreen.storyboard in Resources */,
				CE554C3C2091AD4F00A3F7A1 /* Actions.sks in Resources */,
				CE34DA9220C4EC400063B771 /* res in Resources */,
				CE34DA9120C4EC400063B771 /* src in Resources */,
				CE34DA9020C4EC400063B771 /* config.json in Resources */,
			);
			runOnlyForDeploymentPostprocessing = 0;
		};
/* End PBXResourcesBuildPhase section */

/* Begin PBXSourcesBuildPhase section */
		CE554C302091AD4F00A3F7A1 /* Sources */ = {
			isa = PBXSourcesBuildPhase;
			buildActionMask = 2147483647;
			files = (

				CE03E6A020EC706A00973C76 /* Pattern.swift in Sources */,
				CE03E6A320ECA70D00973C76 /* DebugViewController.swift in Sources */,

				623BA50A20DFC0C50052613D /* GameViewController.swift in Sources */,
				623BA4F120DFBE380052613D /* Monster.swift in Sources */,

				CEFBE67720AC2B4400C19832 /* CircleView.swift in Sources */,
				CE554C3E2091AD4F00A3F7A1 /* GameScene.swift in Sources */,
				623BA4ED20DFBD5E0052613D /* GameObject.swift in Sources */,
				623BA4F320DFBE420052613D /* Player.swift in Sources */,
				628A939720C3C3C60075381D /* CocosLua.cpp in Sources */,
				CEB053D82091DF2400455739 /* Extension.swift in Sources */,
				CE554C402091AD4F00A3F7A1 /* ThereisaViewController.swift in Sources */,
				CE03E6A820ECE09100973C76 /* TestViewController.swift in Sources */,
				CEFBE67920B2D49100C19832 /* ProblemView.swift in Sources */,
				623BA50620DFBF1A0052613D /* Ammo.swift in Sources */,
				623BA50820DFBF5B0052613D /* Component.swift in Sources */,
				CE554C382091AD4F00A3F7A1 /* AppDelegate.swift in Sources */,
				623BA4F520DFBE560052613D /* Goblin.swift in Sources */,
				CE3BCA6E20BF904600E6355B /* Transition.swift in Sources */,

				CE03E69920EB62A400973C76 /* Extension+Button.swift in Sources */,

				623BA4EF20DFBE1A0052613D /* MovableObject.swift in Sources */,

				CEFBE67D20B6E74A00C19832 /* Closure.swift in Sources */,
				623BA50420DFBF070052613D /* HealthPack.swift in Sources */,
				623BA4EA20DD2C890052613D /* LuaObjectCBridgeTest.mm in Sources */,
				CE3BCA7820C1326F00E6355B /* LuaBridge.mm in Sources */,
				CE34DA8C20C4E9A40063B771 /* CocosViewController.swift in Sources */,
				CEB053D52091DD0300455739 /* DateConst.swift in Sources */,
				628AB50220C414090075381D /* AppDelegate.cpp in Sources */,

				CE03E6A620ECABD000973C76 /* DebugView.swift in Sources */,

				623BA4FF20DFBEC30052613D /* CollectableObject.swift in Sources */,
				623BA4F720DFBE630052613D /* Dragon.swift in Sources */,

				CEB053DA2092F6FF00455739 /* ThereIs.swift in Sources */,
				CEFBE67420AC239700C19832 /* Functional.swift in Sources */,
				CEB053D02091BB3900455739 /* NOView.swift in Sources */,
			);
			runOnlyForDeploymentPostprocessing = 0;
		};
/* End PBXSourcesBuildPhase section */

/* Begin PBXTargetDependency section */
		628AB52520C42EB70075381D /* PBXTargetDependency */ = {
			isa = PBXTargetDependency;
			name = "libsimulator iOS";
			targetProxy = 628AB52420C42EB70075381D /* PBXContainerItemProxy */;
		};
		628AB52720C42EB70075381D /* PBXTargetDependency */ = {
			isa = PBXTargetDependency;
			name = "libcocos2d iOS";
			targetProxy = 628AB52620C42EB70075381D /* PBXContainerItemProxy */;
		};
		628AB52920C42EB70075381D /* PBXTargetDependency */ = {
			isa = PBXTargetDependency;
			name = "libluacocos2d iOS";
			targetProxy = 628AB52820C42EB70075381D /* PBXContainerItemProxy */;
		};
/* End PBXTargetDependency section */

/* Begin PBXVariantGroup section */
		CE554C412091AD4F00A3F7A1 /* Main.storyboard */ = {
			isa = PBXVariantGroup;
			children = (
				CE554C422091AD4F00A3F7A1 /* Base */,
			);
			name = Main.storyboard;
			sourceTree = "<group>";
		};
		CE554C462091AD5200A3F7A1 /* LaunchScreen.storyboard */ = {
			isa = PBXVariantGroup;
			children = (
				CE554C472091AD5200A3F7A1 /* Base */,
			);
			name = LaunchScreen.storyboard;
			sourceTree = "<group>";
		};
/* End PBXVariantGroup section */

/* Begin XCBuildConfiguration section */
		CE554C4A2091AD5200A3F7A1 /* Debug */ = {
			isa = XCBuildConfiguration;
			buildSettings = {
				ALWAYS_SEARCH_USER_PATHS = NO;
				CLANG_ANALYZER_NONNULL = YES;
				CLANG_ANALYZER_NUMBER_OBJECT_CONVERSION = YES_AGGRESSIVE;
				CLANG_CXX_LANGUAGE_STANDARD = "gnu++14";
				CLANG_CXX_LIBRARY = "libc++";
				CLANG_ENABLE_MODULES = YES;
				CLANG_ENABLE_OBJC_ARC = YES;
				CLANG_ENABLE_OBJC_WEAK = YES;
				CLANG_WARN_BLOCK_CAPTURE_AUTORELEASING = YES;
				CLANG_WARN_BOOL_CONVERSION = YES;
				CLANG_WARN_COMMA = YES;
				CLANG_WARN_CONSTANT_CONVERSION = YES;
				CLANG_WARN_DEPRECATED_OBJC_IMPLEMENTATIONS = YES;
				CLANG_WARN_DIRECT_OBJC_ISA_USAGE = YES_ERROR;
				CLANG_WARN_DOCUMENTATION_COMMENTS = YES;
				CLANG_WARN_EMPTY_BODY = YES;
				CLANG_WARN_ENUM_CONVERSION = YES;
				CLANG_WARN_INFINITE_RECURSION = YES;
				CLANG_WARN_INT_CONVERSION = YES;
				CLANG_WARN_NON_LITERAL_NULL_CONVERSION = YES;
				CLANG_WARN_OBJC_IMPLICIT_RETAIN_SELF = YES;
				CLANG_WARN_OBJC_LITERAL_CONVERSION = YES;
				CLANG_WARN_OBJC_ROOT_CLASS = YES_ERROR;
				CLANG_WARN_RANGE_LOOP_ANALYSIS = YES;
				CLANG_WARN_STRICT_PROTOTYPES = YES;
				CLANG_WARN_SUSPICIOUS_MOVE = YES;
				CLANG_WARN_UNGUARDED_AVAILABILITY = YES_AGGRESSIVE;
				CLANG_WARN_UNREACHABLE_CODE = YES;
				CLANG_WARN__DUPLICATE_METHOD_MATCH = YES;
				CODE_SIGN_IDENTITY = "iPhone Developer";
				COPY_PHASE_STRIP = NO;
				DEBUG_INFORMATION_FORMAT = dwarf;
				ENABLE_STRICT_OBJC_MSGSEND = YES;
				ENABLE_TESTABILITY = YES;
				GCC_C_LANGUAGE_STANDARD = gnu11;
				GCC_DYNAMIC_NO_PIC = NO;
				GCC_NO_COMMON_BLOCKS = YES;
				GCC_OPTIMIZATION_LEVEL = 0;
				GCC_PREPROCESSOR_DEFINITIONS = (
					"DEBUG=1",
					"$(inherited)",
				);
				GCC_WARN_64_TO_32_BIT_CONVERSION = YES;
				GCC_WARN_ABOUT_RETURN_TYPE = YES_ERROR;
				GCC_WARN_UNDECLARED_SELECTOR = YES;
				GCC_WARN_UNINITIALIZED_AUTOS = YES_AGGRESSIVE;
				GCC_WARN_UNUSED_FUNCTION = YES;
				GCC_WARN_UNUSED_VARIABLE = YES;
				IPHONEOS_DEPLOYMENT_TARGET = 11.3;
				MTL_ENABLE_DEBUG_INFO = YES;
				ONLY_ACTIVE_ARCH = YES;
				SDKROOT = iphoneos;
				SWIFT_ACTIVE_COMPILATION_CONDITIONS = DEBUG;
				SWIFT_OPTIMIZATION_LEVEL = "-Onone";
			};
			name = Debug;
		};
		CE554C4B2091AD5200A3F7A1 /* Release */ = {
			isa = XCBuildConfiguration;
			buildSettings = {
				ALWAYS_SEARCH_USER_PATHS = NO;
				CLANG_ANALYZER_NONNULL = YES;
				CLANG_ANALYZER_NUMBER_OBJECT_CONVERSION = YES_AGGRESSIVE;
				CLANG_CXX_LANGUAGE_STANDARD = "gnu++14";
				CLANG_CXX_LIBRARY = "libc++";
				CLANG_ENABLE_MODULES = YES;
				CLANG_ENABLE_OBJC_ARC = YES;
				CLANG_ENABLE_OBJC_WEAK = YES;
				CLANG_WARN_BLOCK_CAPTURE_AUTORELEASING = YES;
				CLANG_WARN_BOOL_CONVERSION = YES;
				CLANG_WARN_COMMA = YES;
				CLANG_WARN_CONSTANT_CONVERSION = YES;
				CLANG_WARN_DEPRECATED_OBJC_IMPLEMENTATIONS = YES;
				CLANG_WARN_DIRECT_OBJC_ISA_USAGE = YES_ERROR;
				CLANG_WARN_DOCUMENTATION_COMMENTS = YES;
				CLANG_WARN_EMPTY_BODY = YES;
				CLANG_WARN_ENUM_CONVERSION = YES;
				CLANG_WARN_INFINITE_RECURSION = YES;
				CLANG_WARN_INT_CONVERSION = YES;
				CLANG_WARN_NON_LITERAL_NULL_CONVERSION = YES;
				CLANG_WARN_OBJC_IMPLICIT_RETAIN_SELF = YES;
				CLANG_WARN_OBJC_LITERAL_CONVERSION = YES;
				CLANG_WARN_OBJC_ROOT_CLASS = YES_ERROR;
				CLANG_WARN_RANGE_LOOP_ANALYSIS = YES;
				CLANG_WARN_STRICT_PROTOTYPES = YES;
				CLANG_WARN_SUSPICIOUS_MOVE = YES;
				CLANG_WARN_UNGUARDED_AVAILABILITY = YES_AGGRESSIVE;
				CLANG_WARN_UNREACHABLE_CODE = YES;
				CLANG_WARN__DUPLICATE_METHOD_MATCH = YES;
				CODE_SIGN_IDENTITY = "iPhone Developer";
				COPY_PHASE_STRIP = NO;
				DEBUG_INFORMATION_FORMAT = "dwarf-with-dsym";
				ENABLE_NS_ASSERTIONS = NO;
				ENABLE_STRICT_OBJC_MSGSEND = YES;
				GCC_C_LANGUAGE_STANDARD = gnu11;
				GCC_NO_COMMON_BLOCKS = YES;
				GCC_WARN_64_TO_32_BIT_CONVERSION = YES;
				GCC_WARN_ABOUT_RETURN_TYPE = YES_ERROR;
				GCC_WARN_UNDECLARED_SELECTOR = YES;
				GCC_WARN_UNINITIALIZED_AUTOS = YES_AGGRESSIVE;
				GCC_WARN_UNUSED_FUNCTION = YES;
				GCC_WARN_UNUSED_VARIABLE = YES;
				IPHONEOS_DEPLOYMENT_TARGET = 11.3;
				MTL_ENABLE_DEBUG_INFO = NO;
				SDKROOT = iphoneos;
				SWIFT_OPTIMIZATION_LEVEL = "-Owholemodule";
				VALIDATE_PRODUCT = YES;
			};
			name = Release;
		};
		CE554C4D2091AD5200A3F7A1 /* Debug */ = {
			isa = XCBuildConfiguration;
			buildSettings = {
				ASSETCATALOG_COMPILER_APPICON_NAME = AppIcon;
				CLANG_CXX_LIBRARY = "libc++";
				CLANG_ENABLE_MODULES = YES;
				CODE_SIGN_STYLE = Automatic;
				DEVELOPMENT_TEAM = 472P9J8R6U;
				ENABLE_BITCODE = NO;
				HEADER_SEARCH_PATHS = (
					"$(inherited)",
					"$(PROJECT_DIR)/cocos2d-x/cocos",
					"$(PROJECT_DIR)/cocos2d-x/external/lua/tolua",
					"$(PROJECT_DIR)/cocos2d-x/external/lua/lua",
					"$(PROJECT_DIR)/cocos2d-x/external/lua",
					"$(PROJECT_DIR)/cocos2d-x/external",
				);
				INFOPLIST_FILE = Nothing/Info.plist;
				IPHONEOS_DEPLOYMENT_TARGET = 8.0;
				LD_RUNPATH_SEARCH_PATHS = "$(inherited) @executable_path/Frameworks";
				LIBRARY_SEARCH_PATHS = (
					"$(inherited)",
					"$(PROJECT_DIR)/cocos2d-x/tools/fbx-conv/mac",
					"$(PROJECT_DIR)/cocos2d-x/tools/bindings-generator/libclang",
					"$(PROJECT_DIR)/cocos2d-x/external/glfw3/prebuilt/mac",
					"$(PROJECT_DIR)/cocos2d-x/external/glfw3/prebuilt/linux",
					"$(PROJECT_DIR)/cocos2d-x/external/glfw3/prebuilt/win32",
					"$(PROJECT_DIR)/cocos2d-x/external/freetype2/prebuilt/ios",
					"$(PROJECT_DIR)/cocos2d-x/external/freetype2/prebuilt/mac",
					"$(PROJECT_DIR)/cocos2d-x/external/freetype2/prebuilt/tvos",
					"$(PROJECT_DIR)/cocos2d-x/external/freetype2/prebuilt/linux/64-bit",
					"$(PROJECT_DIR)/cocos2d-x/external/freetype2/prebuilt/win10/x64",
					"$(PROJECT_DIR)/cocos2d-x/external/freetype2/prebuilt/win10/arm",
					"$(PROJECT_DIR)/cocos2d-x/external/freetype2/prebuilt/win10/win32",
					"$(PROJECT_DIR)/cocos2d-x/external/freetype2/prebuilt/android/armeabi-v7a",
					"$(PROJECT_DIR)/cocos2d-x/external/freetype2/prebuilt/android/x86",
					"$(PROJECT_DIR)/cocos2d-x/external/freetype2/prebuilt/android/arm64-v8a",
					"$(PROJECT_DIR)/cocos2d-x/external/freetype2/prebuilt/win32",
					"$(PROJECT_DIR)/cocos2d-x/external/websockets/prebuilt/ios",
					"$(PROJECT_DIR)/cocos2d-x/external/websockets/prebuilt/mac",
					"$(PROJECT_DIR)/cocos2d-x/external/websockets/prebuilt/tvos",
					"$(PROJECT_DIR)/cocos2d-x/external/websockets/prebuilt/tizen/x86",
					"$(PROJECT_DIR)/cocos2d-x/external/websockets/prebuilt/tizen/arm",
					"$(PROJECT_DIR)/cocos2d-x/external/websockets/prebuilt/linux/64-bit",
					"$(PROJECT_DIR)/cocos2d-x/external/websockets/prebuilt/win10/x64",
					"$(PROJECT_DIR)/cocos2d-x/external/websockets/prebuilt/win10/arm",
					"$(PROJECT_DIR)/cocos2d-x/external/websockets/prebuilt/win10/win32",
					"$(PROJECT_DIR)/cocos2d-x/external/websockets/prebuilt/android/armeabi-v7a",
					"$(PROJECT_DIR)/cocos2d-x/external/websockets/prebuilt/android/x86",
					"$(PROJECT_DIR)/cocos2d-x/external/websockets/prebuilt/android/arm64-v8a",
					"$(PROJECT_DIR)/cocos2d-x/external/websockets/prebuilt/win32",
					"$(PROJECT_DIR)/cocos2d-x/external/webp/prebuilt/ios",
					"$(PROJECT_DIR)/cocos2d-x/external/webp/prebuilt/mac",
					"$(PROJECT_DIR)/cocos2d-x/external/webp/prebuilt/tvos",
					"$(PROJECT_DIR)/cocos2d-x/external/webp/prebuilt/tizen/x86",
					"$(PROJECT_DIR)/cocos2d-x/external/webp/prebuilt/tizen/arm",
					"$(PROJECT_DIR)/cocos2d-x/external/webp/prebuilt/linux/64-bit",
					"$(PROJECT_DIR)/cocos2d-x/external/webp/prebuilt/android/armeabi-v7a",
					"$(PROJECT_DIR)/cocos2d-x/external/webp/prebuilt/android/x86",
					"$(PROJECT_DIR)/cocos2d-x/external/webp/prebuilt/android/arm64-v8a",
					"$(PROJECT_DIR)/cocos2d-x/external/webp/prebuilt/win32",
					"$(PROJECT_DIR)/cocos2d-x/external/zlib/prebuilt/mac",
					"$(PROJECT_DIR)/cocos2d-x/external/zlib/prebuilt/android/armeabi-v7a",
					"$(PROJECT_DIR)/cocos2d-x/external/zlib/prebuilt/android/x86",
					"$(PROJECT_DIR)/cocos2d-x/external/zlib/prebuilt/android/arm64-v8a",
					"$(PROJECT_DIR)/cocos2d-x/external/png/prebuilt/ios",
					"$(PROJECT_DIR)/cocos2d-x/external/png/prebuilt/mac",
					"$(PROJECT_DIR)/cocos2d-x/external/png/prebuilt/tvos",
					"$(PROJECT_DIR)/cocos2d-x/external/png/prebuilt/tizen/x86",
					"$(PROJECT_DIR)/cocos2d-x/external/png/prebuilt/tizen/arm",
					"$(PROJECT_DIR)/cocos2d-x/external/png/prebuilt/android/armeabi-v7a",
					"$(PROJECT_DIR)/cocos2d-x/external/png/prebuilt/android/x86",
					"$(PROJECT_DIR)/cocos2d-x/external/png/prebuilt/android/arm64-v8a",
					"$(PROJECT_DIR)/cocos2d-x/external/png/prebuilt/win32",
					"$(PROJECT_DIR)/cocos2d-x/external/lua/lua/prebuilt/ios",
					"$(PROJECT_DIR)/cocos2d-x/external/lua/luajit/prebuilt/ios",
					"$(PROJECT_DIR)/cocos2d-x/external/lua/luajit/prebuilt/mac",
					"$(PROJECT_DIR)/cocos2d-x/external/lua/luajit/prebuilt/linux/64-bit",
					"$(PROJECT_DIR)/cocos2d-x/external/lua/luajit/prebuilt/android/armeabi-v7a",
					"$(PROJECT_DIR)/cocos2d-x/external/lua/luajit/prebuilt/android/x86",
					"$(PROJECT_DIR)/cocos2d-x/external/lua/luajit/prebuilt/android/arm64-v8a",
					"$(PROJECT_DIR)/cocos2d-x/external/lua/luajit/prebuilt/win32",
					"$(PROJECT_DIR)/cocos2d-x/external/curl/prebuilt/ios",
					"$(PROJECT_DIR)/cocos2d-x/external/curl/prebuilt/mac",
					"$(PROJECT_DIR)/cocos2d-x/external/curl/prebuilt/tvos",
					"$(PROJECT_DIR)/cocos2d-x/external/curl/prebuilt/win10/x64",
					"$(PROJECT_DIR)/cocos2d-x/external/curl/prebuilt/win10/arm",
					"$(PROJECT_DIR)/cocos2d-x/external/curl/prebuilt/win10/win32",
					"$(PROJECT_DIR)/cocos2d-x/external/curl/prebuilt/android/armeabi-v7a",
					"$(PROJECT_DIR)/cocos2d-x/external/curl/prebuilt/android/x86",
					"$(PROJECT_DIR)/cocos2d-x/external/curl/prebuilt/android/arm64-v8a",
					"$(PROJECT_DIR)/cocos2d-x/external/curl/prebuilt/win32",
					"$(PROJECT_DIR)/cocos2d-x/external/win10-specific/angle/prebuilt/x64",
					"$(PROJECT_DIR)/cocos2d-x/external/win10-specific/angle/prebuilt/arm",
					"$(PROJECT_DIR)/cocos2d-x/external/win10-specific/angle/prebuilt/win32",
					"$(PROJECT_DIR)/cocos2d-x/external/win10-specific/zlib/prebuilt/x64",
					"$(PROJECT_DIR)/cocos2d-x/external/win10-specific/zlib/prebuilt/arm",
					"$(PROJECT_DIR)/cocos2d-x/external/win10-specific/zlib/prebuilt/win32",
					"$(PROJECT_DIR)/cocos2d-x/external/win10-specific/OggDecoder/prebuilt/x64",
					"$(PROJECT_DIR)/cocos2d-x/external/win10-specific/OggDecoder/prebuilt/arm",
					"$(PROJECT_DIR)/cocos2d-x/external/win10-specific/OggDecoder/prebuilt/win32",
					"$(PROJECT_DIR)/cocos2d-x/external/chipmunk/prebuilt/ios",
					"$(PROJECT_DIR)/cocos2d-x/external/chipmunk/prebuilt/mac",
					"$(PROJECT_DIR)/cocos2d-x/external/chipmunk/prebuilt/tvos",
					"$(PROJECT_DIR)/cocos2d-x/external/chipmunk/prebuilt/tizen/x86",
					"$(PROJECT_DIR)/cocos2d-x/external/chipmunk/prebuilt/tizen/arm",
					"$(PROJECT_DIR)/cocos2d-x/external/chipmunk/prebuilt/linux/64-bit",
					"$(PROJECT_DIR)/cocos2d-x/external/chipmunk/prebuilt/win10/x64",
					"$(PROJECT_DIR)/cocos2d-x/external/chipmunk/prebuilt/win10/arm",
					"$(PROJECT_DIR)/cocos2d-x/external/chipmunk/prebuilt/win10/win32",
					"$(PROJECT_DIR)/cocos2d-x/external/chipmunk/prebuilt/android/armeabi-v7a",
					"$(PROJECT_DIR)/cocos2d-x/external/chipmunk/prebuilt/android/x86",
					"$(PROJECT_DIR)/cocos2d-x/external/chipmunk/prebuilt/android/arm64-v8a",
					"$(PROJECT_DIR)/cocos2d-x/external/chipmunk/prebuilt/win32/debug-lib",
					"$(PROJECT_DIR)/cocos2d-x/external/chipmunk/prebuilt/win32/release-lib",
					"$(PROJECT_DIR)/cocos2d-x/external/sqlite3/libraries/win10/x64",
					"$(PROJECT_DIR)/cocos2d-x/external/sqlite3/libraries/win10/arm",
					"$(PROJECT_DIR)/cocos2d-x/external/sqlite3/libraries/win10/win32",
					"$(PROJECT_DIR)/cocos2d-x/external/sqlite3/libraries/win32",
					"$(PROJECT_DIR)/cocos2d-x/external/bullet/prebuilt/ios",
					"$(PROJECT_DIR)/cocos2d-x/external/bullet/prebuilt/mac",
					"$(PROJECT_DIR)/cocos2d-x/external/bullet/prebuilt/linux/64-bit",
					"$(PROJECT_DIR)/cocos2d-x/external/bullet/prebuilt/android/armeabi-v7a",
					"$(PROJECT_DIR)/cocos2d-x/external/bullet/prebuilt/android/x86",
					"$(PROJECT_DIR)/cocos2d-x/external/bullet/prebuilt/android/arm64-v8a",
					"$(PROJECT_DIR)/cocos2d-x/external/bullet/prebuilt/win32/release",
					"$(PROJECT_DIR)/cocos2d-x/external/bullet/prebuilt/win32/debug",
					"$(PROJECT_DIR)/cocos2d-x/external/win32-specific/gles/prebuilt",
					"$(PROJECT_DIR)/cocos2d-x/external/win32-specific/MP3Decoder/prebuilt",
					"$(PROJECT_DIR)/cocos2d-x/external/win32-specific/zlib/prebuilt",
					"$(PROJECT_DIR)/cocos2d-x/external/win32-specific/icon/prebuilt",
					"$(PROJECT_DIR)/cocos2d-x/external/win32-specific/OpenalSoft/prebuilt",
					"$(PROJECT_DIR)/cocos2d-x/external/win32-specific/OggDecoder/prebuilt",
					"$(PROJECT_DIR)/cocos2d-x/external/Box2D/prebuilt/ios",
					"$(PROJECT_DIR)/cocos2d-x/external/Box2D/prebuilt/mac",
					"$(PROJECT_DIR)/cocos2d-x/external/Box2D/prebuilt/linux/64-bit",
					"$(PROJECT_DIR)/cocos2d-x/external/Box2D/prebuilt/android/armeabi-v7a",
					"$(PROJECT_DIR)/cocos2d-x/external/Box2D/prebuilt/android/x86",
					"$(PROJECT_DIR)/cocos2d-x/external/Box2D/prebuilt/android/arm64-v8a",
					"$(PROJECT_DIR)/cocos2d-x/external/Box2D/prebuilt/win32/release",
					"$(PROJECT_DIR)/cocos2d-x/external/Box2D/prebuilt/win32/debug",
					"$(PROJECT_DIR)/cocos2d-x/external/jpeg/prebuilt/ios",
					"$(PROJECT_DIR)/cocos2d-x/external/jpeg/prebuilt/mac",
					"$(PROJECT_DIR)/cocos2d-x/external/jpeg/prebuilt/tvos",
					"$(PROJECT_DIR)/cocos2d-x/external/jpeg/prebuilt/tizen/x86",
					"$(PROJECT_DIR)/cocos2d-x/external/jpeg/prebuilt/tizen/arm",
					"$(PROJECT_DIR)/cocos2d-x/external/jpeg/prebuilt/linux/64-bit",
					"$(PROJECT_DIR)/cocos2d-x/external/jpeg/prebuilt/android/armeabi-v7a",
					"$(PROJECT_DIR)/cocos2d-x/external/jpeg/prebuilt/android/x86",
					"$(PROJECT_DIR)/cocos2d-x/external/jpeg/prebuilt/android/arm64-v8a",
					"$(PROJECT_DIR)/cocos2d-x/external/jpeg/prebuilt/win32",
					"$(PROJECT_DIR)/cocos2d-x/external/openssl/prebuilt/ios",
					"$(PROJECT_DIR)/cocos2d-x/external/openssl/prebuilt/mac",
					"$(PROJECT_DIR)/cocos2d-x/external/openssl/prebuilt/tvos",
					"$(PROJECT_DIR)/cocos2d-x/external/openssl/prebuilt/tizen/x86",
					"$(PROJECT_DIR)/cocos2d-x/external/openssl/prebuilt/tizen/arm",
					"$(PROJECT_DIR)/cocos2d-x/external/openssl/prebuilt/linux/64-bit",
					"$(PROJECT_DIR)/cocos2d-x/external/openssl/prebuilt/android/armeabi-v7a",
					"$(PROJECT_DIR)/cocos2d-x/external/openssl/prebuilt/android/x86",
					"$(PROJECT_DIR)/cocos2d-x/external/openssl/prebuilt/android/arm64-v8a",
					"$(PROJECT_DIR)/cocos2d-x/external/openssl/prebuilt/win32",
					"$(PROJECT_DIR)/cocos2d-x/external/tiff/prebuilt/ios",
					"$(PROJECT_DIR)/cocos2d-x/external/tiff/prebuilt/mac",
					"$(PROJECT_DIR)/cocos2d-x/external/tiff/prebuilt/tvos",
					"$(PROJECT_DIR)/cocos2d-x/external/tiff/prebuilt/tizen/x86",
					"$(PROJECT_DIR)/cocos2d-x/external/tiff/prebuilt/tizen/arm",
					"$(PROJECT_DIR)/cocos2d-x/external/tiff/prebuilt/linux/64-bit",
					"$(PROJECT_DIR)/cocos2d-x/external/tiff/prebuilt/android/armeabi-v7a",
					"$(PROJECT_DIR)/cocos2d-x/external/tiff/prebuilt/android/x86",
					"$(PROJECT_DIR)/cocos2d-x/external/tiff/prebuilt/android/arm64-v8a",
					"$(PROJECT_DIR)/cocos2d-x/external/tiff/prebuilt/win32",
				);
				PRODUCT_BUNDLE_IDENTIFIER = com.only.Nothing;
				PRODUCT_NAME = "$(TARGET_NAME)";
				SWIFT_OBJC_BRIDGING_HEADER = "Nothing/bridge/Nothing-Bridging-Header.h";
				SWIFT_OPTIMIZATION_LEVEL = "-Onone";
				SWIFT_VERSION = 4.0;
				TARGETED_DEVICE_FAMILY = "1,2";
			};
			name = Debug;
		};
		CE554C4E2091AD5200A3F7A1 /* Release */ = {
			isa = XCBuildConfiguration;
			buildSettings = {
				ASSETCATALOG_COMPILER_APPICON_NAME = AppIcon;
				CLANG_CXX_LIBRARY = "libc++";
				CLANG_ENABLE_MODULES = YES;
				CODE_SIGN_STYLE = Automatic;
				DEVELOPMENT_TEAM = 472P9J8R6U;
				ENABLE_BITCODE = NO;
				HEADER_SEARCH_PATHS = (
					"$(inherited)",
					"$(PROJECT_DIR)/cocos2d-x/cocos",
					"$(PROJECT_DIR)/cocos2d-x/external/lua/tolua",
					"$(PROJECT_DIR)/cocos2d-x/external/lua/lua",
					"$(PROJECT_DIR)/cocos2d-x/external/lua",
					"$(PROJECT_DIR)/cocos2d-x/external",
				);
				INFOPLIST_FILE = Nothing/Info.plist;
				IPHONEOS_DEPLOYMENT_TARGET = 8.0;
				LD_RUNPATH_SEARCH_PATHS = "$(inherited) @executable_path/Frameworks";
				LIBRARY_SEARCH_PATHS = (
					"$(inherited)",
					"$(PROJECT_DIR)/cocos2d-x/tools/fbx-conv/mac",
					"$(PROJECT_DIR)/cocos2d-x/tools/bindings-generator/libclang",
					"$(PROJECT_DIR)/cocos2d-x/external/glfw3/prebuilt/mac",
					"$(PROJECT_DIR)/cocos2d-x/external/glfw3/prebuilt/linux",
					"$(PROJECT_DIR)/cocos2d-x/external/glfw3/prebuilt/win32",
					"$(PROJECT_DIR)/cocos2d-x/external/freetype2/prebuilt/ios",
					"$(PROJECT_DIR)/cocos2d-x/external/freetype2/prebuilt/mac",
					"$(PROJECT_DIR)/cocos2d-x/external/freetype2/prebuilt/tvos",
					"$(PROJECT_DIR)/cocos2d-x/external/freetype2/prebuilt/linux/64-bit",
					"$(PROJECT_DIR)/cocos2d-x/external/freetype2/prebuilt/win10/x64",
					"$(PROJECT_DIR)/cocos2d-x/external/freetype2/prebuilt/win10/arm",
					"$(PROJECT_DIR)/cocos2d-x/external/freetype2/prebuilt/win10/win32",
					"$(PROJECT_DIR)/cocos2d-x/external/freetype2/prebuilt/android/armeabi-v7a",
					"$(PROJECT_DIR)/cocos2d-x/external/freetype2/prebuilt/android/x86",
					"$(PROJECT_DIR)/cocos2d-x/external/freetype2/prebuilt/android/arm64-v8a",
					"$(PROJECT_DIR)/cocos2d-x/external/freetype2/prebuilt/win32",
					"$(PROJECT_DIR)/cocos2d-x/external/websockets/prebuilt/ios",
					"$(PROJECT_DIR)/cocos2d-x/external/websockets/prebuilt/mac",
					"$(PROJECT_DIR)/cocos2d-x/external/websockets/prebuilt/tvos",
					"$(PROJECT_DIR)/cocos2d-x/external/websockets/prebuilt/tizen/x86",
					"$(PROJECT_DIR)/cocos2d-x/external/websockets/prebuilt/tizen/arm",
					"$(PROJECT_DIR)/cocos2d-x/external/websockets/prebuilt/linux/64-bit",
					"$(PROJECT_DIR)/cocos2d-x/external/websockets/prebuilt/win10/x64",
					"$(PROJECT_DIR)/cocos2d-x/external/websockets/prebuilt/win10/arm",
					"$(PROJECT_DIR)/cocos2d-x/external/websockets/prebuilt/win10/win32",
					"$(PROJECT_DIR)/cocos2d-x/external/websockets/prebuilt/android/armeabi-v7a",
					"$(PROJECT_DIR)/cocos2d-x/external/websockets/prebuilt/android/x86",
					"$(PROJECT_DIR)/cocos2d-x/external/websockets/prebuilt/android/arm64-v8a",
					"$(PROJECT_DIR)/cocos2d-x/external/websockets/prebuilt/win32",
					"$(PROJECT_DIR)/cocos2d-x/external/webp/prebuilt/ios",
					"$(PROJECT_DIR)/cocos2d-x/external/webp/prebuilt/mac",
					"$(PROJECT_DIR)/cocos2d-x/external/webp/prebuilt/tvos",
					"$(PROJECT_DIR)/cocos2d-x/external/webp/prebuilt/tizen/x86",
					"$(PROJECT_DIR)/cocos2d-x/external/webp/prebuilt/tizen/arm",
					"$(PROJECT_DIR)/cocos2d-x/external/webp/prebuilt/linux/64-bit",
					"$(PROJECT_DIR)/cocos2d-x/external/webp/prebuilt/android/armeabi-v7a",
					"$(PROJECT_DIR)/cocos2d-x/external/webp/prebuilt/android/x86",
					"$(PROJECT_DIR)/cocos2d-x/external/webp/prebuilt/android/arm64-v8a",
					"$(PROJECT_DIR)/cocos2d-x/external/webp/prebuilt/win32",
					"$(PROJECT_DIR)/cocos2d-x/external/zlib/prebuilt/mac",
					"$(PROJECT_DIR)/cocos2d-x/external/zlib/prebuilt/android/armeabi-v7a",
					"$(PROJECT_DIR)/cocos2d-x/external/zlib/prebuilt/android/x86",
					"$(PROJECT_DIR)/cocos2d-x/external/zlib/prebuilt/android/arm64-v8a",
					"$(PROJECT_DIR)/cocos2d-x/external/png/prebuilt/ios",
					"$(PROJECT_DIR)/cocos2d-x/external/png/prebuilt/mac",
					"$(PROJECT_DIR)/cocos2d-x/external/png/prebuilt/tvos",
					"$(PROJECT_DIR)/cocos2d-x/external/png/prebuilt/tizen/x86",
					"$(PROJECT_DIR)/cocos2d-x/external/png/prebuilt/tizen/arm",
					"$(PROJECT_DIR)/cocos2d-x/external/png/prebuilt/android/armeabi-v7a",
					"$(PROJECT_DIR)/cocos2d-x/external/png/prebuilt/android/x86",
					"$(PROJECT_DIR)/cocos2d-x/external/png/prebuilt/android/arm64-v8a",
					"$(PROJECT_DIR)/cocos2d-x/external/png/prebuilt/win32",
					"$(PROJECT_DIR)/cocos2d-x/external/lua/lua/prebuilt/ios",
					"$(PROJECT_DIR)/cocos2d-x/external/lua/luajit/prebuilt/ios",
					"$(PROJECT_DIR)/cocos2d-x/external/lua/luajit/prebuilt/mac",
					"$(PROJECT_DIR)/cocos2d-x/external/lua/luajit/prebuilt/linux/64-bit",
					"$(PROJECT_DIR)/cocos2d-x/external/lua/luajit/prebuilt/android/armeabi-v7a",
					"$(PROJECT_DIR)/cocos2d-x/external/lua/luajit/prebuilt/android/x86",
					"$(PROJECT_DIR)/cocos2d-x/external/lua/luajit/prebuilt/android/arm64-v8a",
					"$(PROJECT_DIR)/cocos2d-x/external/lua/luajit/prebuilt/win32",
					"$(PROJECT_DIR)/cocos2d-x/external/curl/prebuilt/ios",
					"$(PROJECT_DIR)/cocos2d-x/external/curl/prebuilt/mac",
					"$(PROJECT_DIR)/cocos2d-x/external/curl/prebuilt/tvos",
					"$(PROJECT_DIR)/cocos2d-x/external/curl/prebuilt/win10/x64",
					"$(PROJECT_DIR)/cocos2d-x/external/curl/prebuilt/win10/arm",
					"$(PROJECT_DIR)/cocos2d-x/external/curl/prebuilt/win10/win32",
					"$(PROJECT_DIR)/cocos2d-x/external/curl/prebuilt/android/armeabi-v7a",
					"$(PROJECT_DIR)/cocos2d-x/external/curl/prebuilt/android/x86",
					"$(PROJECT_DIR)/cocos2d-x/external/curl/prebuilt/android/arm64-v8a",
					"$(PROJECT_DIR)/cocos2d-x/external/curl/prebuilt/win32",
					"$(PROJECT_DIR)/cocos2d-x/external/win10-specific/angle/prebuilt/x64",
					"$(PROJECT_DIR)/cocos2d-x/external/win10-specific/angle/prebuilt/arm",
					"$(PROJECT_DIR)/cocos2d-x/external/win10-specific/angle/prebuilt/win32",
					"$(PROJECT_DIR)/cocos2d-x/external/win10-specific/zlib/prebuilt/x64",
					"$(PROJECT_DIR)/cocos2d-x/external/win10-specific/zlib/prebuilt/arm",
					"$(PROJECT_DIR)/cocos2d-x/external/win10-specific/zlib/prebuilt/win32",
					"$(PROJECT_DIR)/cocos2d-x/external/win10-specific/OggDecoder/prebuilt/x64",
					"$(PROJECT_DIR)/cocos2d-x/external/win10-specific/OggDecoder/prebuilt/arm",
					"$(PROJECT_DIR)/cocos2d-x/external/win10-specific/OggDecoder/prebuilt/win32",
					"$(PROJECT_DIR)/cocos2d-x/external/chipmunk/prebuilt/ios",
					"$(PROJECT_DIR)/cocos2d-x/external/chipmunk/prebuilt/mac",
					"$(PROJECT_DIR)/cocos2d-x/external/chipmunk/prebuilt/tvos",
					"$(PROJECT_DIR)/cocos2d-x/external/chipmunk/prebuilt/tizen/x86",
					"$(PROJECT_DIR)/cocos2d-x/external/chipmunk/prebuilt/tizen/arm",
					"$(PROJECT_DIR)/cocos2d-x/external/chipmunk/prebuilt/linux/64-bit",
					"$(PROJECT_DIR)/cocos2d-x/external/chipmunk/prebuilt/win10/x64",
					"$(PROJECT_DIR)/cocos2d-x/external/chipmunk/prebuilt/win10/arm",
					"$(PROJECT_DIR)/cocos2d-x/external/chipmunk/prebuilt/win10/win32",
					"$(PROJECT_DIR)/cocos2d-x/external/chipmunk/prebuilt/android/armeabi-v7a",
					"$(PROJECT_DIR)/cocos2d-x/external/chipmunk/prebuilt/android/x86",
					"$(PROJECT_DIR)/cocos2d-x/external/chipmunk/prebuilt/android/arm64-v8a",
					"$(PROJECT_DIR)/cocos2d-x/external/chipmunk/prebuilt/win32/debug-lib",
					"$(PROJECT_DIR)/cocos2d-x/external/chipmunk/prebuilt/win32/release-lib",
					"$(PROJECT_DIR)/cocos2d-x/external/sqlite3/libraries/win10/x64",
					"$(PROJECT_DIR)/cocos2d-x/external/sqlite3/libraries/win10/arm",
					"$(PROJECT_DIR)/cocos2d-x/external/sqlite3/libraries/win10/win32",
					"$(PROJECT_DIR)/cocos2d-x/external/sqlite3/libraries/win32",
					"$(PROJECT_DIR)/cocos2d-x/external/bullet/prebuilt/ios",
					"$(PROJECT_DIR)/cocos2d-x/external/bullet/prebuilt/mac",
					"$(PROJECT_DIR)/cocos2d-x/external/bullet/prebuilt/linux/64-bit",
					"$(PROJECT_DIR)/cocos2d-x/external/bullet/prebuilt/android/armeabi-v7a",
					"$(PROJECT_DIR)/cocos2d-x/external/bullet/prebuilt/android/x86",
					"$(PROJECT_DIR)/cocos2d-x/external/bullet/prebuilt/android/arm64-v8a",
					"$(PROJECT_DIR)/cocos2d-x/external/bullet/prebuilt/win32/release",
					"$(PROJECT_DIR)/cocos2d-x/external/bullet/prebuilt/win32/debug",
					"$(PROJECT_DIR)/cocos2d-x/external/win32-specific/gles/prebuilt",
					"$(PROJECT_DIR)/cocos2d-x/external/win32-specific/MP3Decoder/prebuilt",
					"$(PROJECT_DIR)/cocos2d-x/external/win32-specific/zlib/prebuilt",
					"$(PROJECT_DIR)/cocos2d-x/external/win32-specific/icon/prebuilt",
					"$(PROJECT_DIR)/cocos2d-x/external/win32-specific/OpenalSoft/prebuilt",
					"$(PROJECT_DIR)/cocos2d-x/external/win32-specific/OggDecoder/prebuilt",
					"$(PROJECT_DIR)/cocos2d-x/external/Box2D/prebuilt/ios",
					"$(PROJECT_DIR)/cocos2d-x/external/Box2D/prebuilt/mac",
					"$(PROJECT_DIR)/cocos2d-x/external/Box2D/prebuilt/linux/64-bit",
					"$(PROJECT_DIR)/cocos2d-x/external/Box2D/prebuilt/android/armeabi-v7a",
					"$(PROJECT_DIR)/cocos2d-x/external/Box2D/prebuilt/android/x86",
					"$(PROJECT_DIR)/cocos2d-x/external/Box2D/prebuilt/android/arm64-v8a",
					"$(PROJECT_DIR)/cocos2d-x/external/Box2D/prebuilt/win32/release",
					"$(PROJECT_DIR)/cocos2d-x/external/Box2D/prebuilt/win32/debug",
					"$(PROJECT_DIR)/cocos2d-x/external/jpeg/prebuilt/ios",
					"$(PROJECT_DIR)/cocos2d-x/external/jpeg/prebuilt/mac",
					"$(PROJECT_DIR)/cocos2d-x/external/jpeg/prebuilt/tvos",
					"$(PROJECT_DIR)/cocos2d-x/external/jpeg/prebuilt/tizen/x86",
					"$(PROJECT_DIR)/cocos2d-x/external/jpeg/prebuilt/tizen/arm",
					"$(PROJECT_DIR)/cocos2d-x/external/jpeg/prebuilt/linux/64-bit",
					"$(PROJECT_DIR)/cocos2d-x/external/jpeg/prebuilt/android/armeabi-v7a",
					"$(PROJECT_DIR)/cocos2d-x/external/jpeg/prebuilt/android/x86",
					"$(PROJECT_DIR)/cocos2d-x/external/jpeg/prebuilt/android/arm64-v8a",
					"$(PROJECT_DIR)/cocos2d-x/external/jpeg/prebuilt/win32",
					"$(PROJECT_DIR)/cocos2d-x/external/openssl/prebuilt/ios",
					"$(PROJECT_DIR)/cocos2d-x/external/openssl/prebuilt/mac",
					"$(PROJECT_DIR)/cocos2d-x/external/openssl/prebuilt/tvos",
					"$(PROJECT_DIR)/cocos2d-x/external/openssl/prebuilt/tizen/x86",
					"$(PROJECT_DIR)/cocos2d-x/external/openssl/prebuilt/tizen/arm",
					"$(PROJECT_DIR)/cocos2d-x/external/openssl/prebuilt/linux/64-bit",
					"$(PROJECT_DIR)/cocos2d-x/external/openssl/prebuilt/android/armeabi-v7a",
					"$(PROJECT_DIR)/cocos2d-x/external/openssl/prebuilt/android/x86",
					"$(PROJECT_DIR)/cocos2d-x/external/openssl/prebuilt/android/arm64-v8a",
					"$(PROJECT_DIR)/cocos2d-x/external/openssl/prebuilt/win32",
					"$(PROJECT_DIR)/cocos2d-x/external/tiff/prebuilt/ios",
					"$(PROJECT_DIR)/cocos2d-x/external/tiff/prebuilt/mac",
					"$(PROJECT_DIR)/cocos2d-x/external/tiff/prebuilt/tvos",
					"$(PROJECT_DIR)/cocos2d-x/external/tiff/prebuilt/tizen/x86",
					"$(PROJECT_DIR)/cocos2d-x/external/tiff/prebuilt/tizen/arm",
					"$(PROJECT_DIR)/cocos2d-x/external/tiff/prebuilt/linux/64-bit",
					"$(PROJECT_DIR)/cocos2d-x/external/tiff/prebuilt/android/armeabi-v7a",
					"$(PROJECT_DIR)/cocos2d-x/external/tiff/prebuilt/android/x86",
					"$(PROJECT_DIR)/cocos2d-x/external/tiff/prebuilt/android/arm64-v8a",
					"$(PROJECT_DIR)/cocos2d-x/external/tiff/prebuilt/win32",
				);
				PRODUCT_BUNDLE_IDENTIFIER = com.only.Nothing;
				PRODUCT_NAME = "$(TARGET_NAME)";
				SWIFT_OBJC_BRIDGING_HEADER = "Nothing/bridge/Nothing-Bridging-Header.h";
				SWIFT_VERSION = 4.0;
				TARGETED_DEVICE_FAMILY = "1,2";
			};
			name = Release;
		};
/* End XCBuildConfiguration section */

/* Begin XCConfigurationList section */
		CE554C2F2091AD4F00A3F7A1 /* Build configuration list for PBXProject "Nothing" */ = {
			isa = XCConfigurationList;
			buildConfigurations = (
				CE554C4A2091AD5200A3F7A1 /* Debug */,
				CE554C4B2091AD5200A3F7A1 /* Release */,
			);
			defaultConfigurationIsVisible = 0;
			defaultConfigurationName = Release;
		};
		CE554C4C2091AD5200A3F7A1 /* Build configuration list for PBXNativeTarget "Nothing" */ = {
			isa = XCConfigurationList;
			buildConfigurations = (
				CE554C4D2091AD5200A3F7A1 /* Debug */,
				CE554C4E2091AD5200A3F7A1 /* Release */,
			);
			defaultConfigurationIsVisible = 0;
			defaultConfigurationName = Release;
		};
/* End XCConfigurationList section */
	};
	rootObject = CE554C2C2091AD4F00A3F7A1 /* Project object */;
}
